
Microsoft Visual Studio Solution File, Format Version 12.00
# Visual Studio Version 17
VisualStudioVersion = 17.7.34221.43
MinimumVisualStudioVersion = 10.0.40219.1
Project("{FAE04EC0-301F-11D3-BF4B-00C04F79EFBC}") = "Я физик тест", "Я физик тест\Я физик тест.csproj", "{8E3ADDDB-7994-485E-80CF-A4821B61DDED}"
EndProject
Global
	GlobalSection(SolutionConfigurationPlatforms) = preSolution
		Debug|Any CPU = Debug|Any CPU
		Release|Any CPU = Release|Any CPU
	EndGlobalSection
	GlobalSection(ProjectConfigurationPlatforms) = postSolution
		{8E3ADDDB-7994-485E-80CF-A4821B61DDED}.Debug|Any CPU.ActiveCfg = Debug|Any CPU
		{8E3ADDDB-7994-485E-80CF-A4821B61DDED}.Debug|Any CPU.Build.0 = Debug|Any CPU
		{8E3ADDDB-7994-485E-80CF-A4821B61DDED}.Release|Any CPU.ActiveCfg = Release|Any CPU
		{8E3ADDDB-7994-485E-80CF-A4821B61DDED}.Release|Any CPU.Build.0 = Release|Any CPU
	EndGlobalSection
	GlobalSection(SolutionProperties) = preSolution
		HideSolutionNode = FALSE
	EndGlobalSection
	GlobalSection(ExtensibilityGlobals) = postSolution
		SolutionGuid = {AFA51E40-B04B-4351-91F9-B98CE78ED179}
	EndGlobalSection
EndGlobal
